// !$*UTF8*$!
{
	archiveVersion = 1;
	classes = {
	};
	objectVersion = 46;
	objects = {

/* Begin PBXFileReference section */
		52720A5914ED6F2100536281 /* EFADC_AbstractClientHandler.java */ = {isa = PBXFileReference; fileEncoding = 4; lastKnownFileType = sourcecode.java; path = EFADC_AbstractClientHandler.java; sourceTree = "<group>"; };
		52720A5A14ED6F4B00536281 /* EFADC_BasicClientHandler.java */ = {isa = PBXFileReference; fileEncoding = 4; lastKnownFileType = sourcecode.java; path = EFADC_BasicClientHandler.java; sourceTree = "<group>"; };
		52720A5B14ED6FC000536281 /* EFADC_ClientHandler.java */ = {isa = PBXFileReference; fileEncoding = 4; lastKnownFileType = sourcecode.java; path = EFADC_ClientHandler.java; sourceTree = "<group>"; };
		5297A88614E1C1C400B323BF /* EFADC_ReplayingFrameDecoder.java */ = {isa = PBXFileReference; fileEncoding = 4; lastKnownFileType = sourcecode.java; path = EFADC_ReplayingFrameDecoder.java; sourceTree = "<group>"; };
		5297A89A14E5A0F800B323BF /* EFADC_BufferWriter.java */ = {isa = PBXFileReference; fileEncoding = 4; lastKnownFileType = sourcecode.java; path = EFADC_BufferWriter.java; sourceTree = "<group>"; };
		52BDC41C1451C755001A196D /* build.xml */ = {isa = PBXFileReference; fileEncoding = 4; lastKnownFileType = text.xml; path = build.xml; sourceTree = "<group>"; };
		52BDC42A1451CA71001A196D /* EFADC_Client.java */ = {isa = PBXFileReference; fileEncoding = 4; lastKnownFileType = sourcecode.java; path = EFADC_Client.java; sourceTree = "<group>"; usesTabs = 1; };
		52BDC42C1451D20C001A196D /* EFADC_ClientPipelineFactory.java */ = {isa = PBXFileReference; fileEncoding = 4; lastKnownFileType = sourcecode.java; path = EFADC_ClientPipelineFactory.java; sourceTree = "<group>"; usesTabs = 1; };
		52BDC42D1451D528001A196D /* EFADC_FrameDecoder.java */ = {isa = PBXFileReference; fileEncoding = 4; lastKnownFileType = sourcecode.java; path = EFADC_FrameDecoder.java; sourceTree = "<group>"; };
		52BDC42E1451E774001A196D /* EFADC_DataEvent.java */ = {isa = PBXFileReference; fileEncoding = 4; lastKnownFileType = sourcecode.java; path = EFADC_DataEvent.java; sourceTree = "<group>"; };
		52EBA33C14D072D30036260E /* EFADC_LCDMessage.java */ = {isa = PBXFileReference; fileEncoding = 4; lastKnownFileType = sourcecode.java; path = EFADC_LCDMessage.java; sourceTree = "<group>"; };
		52EBA33F14D08DF00036260E /* EFADC_RegisterSet.java */ = {isa = PBXFileReference; fileEncoding = 4; lastKnownFileType = sourcecode.java; path = EFADC_RegisterSet.java; sourceTree = "<group>"; };
		52EBA34114D093E90036260E /* EFADC_CommandEncoder.java */ = {isa = PBXFileReference; fileEncoding = 4; lastKnownFileType = sourcecode.java; path = EFADC_CommandEncoder.java; sourceTree = "<group>"; };
		52EBA34314D1B9780036260E /* EFADC_EchoHandler.java */ = {isa = PBXFileReference; fileEncoding = 4; lastKnownFileType = sourcecode.java; path = EFADC_EchoHandler.java; sourceTree = "<group>"; };
/* End PBXFileReference section */

/* Begin PBXGroup section */
		52BDC40F1451C6FD001A196D = {
			isa = PBXGroup;
			children = (
				52BDC41C1451C755001A196D /* build.xml */,
				52BDC41D1451C82A001A196D /* src */,
			);
			sourceTree = "<group>";
		};
		52BDC41D1451C82A001A196D /* src */ = {
			isa = PBXGroup;
			children = (
				52BDC4271451CA71001A196D /* org */,
			);
			path = src;
			sourceTree = "<group>";
		};
		52BDC4271451CA71001A196D /* org */ = {
			isa = PBXGroup;
			children = (
				52BDC4281451CA71001A196D /* jlab */,
			);
			path = org;
			sourceTree = "<group>";
		};
		52BDC4281451CA71001A196D /* jlab */ = {
			isa = PBXGroup;
			children = (
				52BDC4291451CA71001A196D /* EFADC */,
			);
			path = jlab;
			sourceTree = "<group>";
		};
		52BDC4291451CA71001A196D /* EFADC */ = {
			isa = PBXGroup;
			children = (
				52BDC42A1451CA71001A196D /* EFADC_Client.java */,
				52EBA34114D093E90036260E /* EFADC_CommandEncoder.java */,
				52720A5B14ED6FC000536281 /* EFADC_ClientHandler.java */,
				52720A5914ED6F2100536281 /* EFADC_AbstractClientHandler.java */,
				52720A5A14ED6F4B00536281 /* EFADC_BasicClientHandler.java */,
				52EBA34314D1B9780036260E /* EFADC_EchoHandler.java */,
				52EBA33F14D08DF00036260E /* EFADC_RegisterSet.java */,
				5297A89A14E5A0F800B323BF /* EFADC_BufferWriter.java */,
				52EBA33C14D072D30036260E /* EFADC_LCDMessage.java */,
				52BDC42C1451D20C001A196D /* EFADC_ClientPipelineFactory.java */,
				52BDC42D1451D528001A196D /* EFADC_FrameDecoder.java */,
				5297A88614E1C1C400B323BF /* EFADC_ReplayingFrameDecoder.java */,
				52BDC42E1451E774001A196D /* EFADC_DataEvent.java */,
			);
			path = EFADC;
			sourceTree = "<group>";
		};
/* End PBXGroup section */

/* Begin PBXLegacyTarget section */
		52BDC4161451C6FD001A196D /* EFADC_java */ = {
			isa = PBXLegacyTarget;
			buildArgumentsString = "-emacs $(ACTION)";
			buildConfigurationList = 52BDC4191451C6FD001A196D /* Build configuration list for PBXLegacyTarget "EFADC_java" */;
			buildPhases = (
			);
			buildToolPath = ant;
			buildWorkingDirectory = "";
			dependencies = (
			);
			name = EFADC_java;
			passBuildSettingsInEnvironment = 1;
			productName = EFADC_java;
		};
/* End PBXLegacyTarget section */

/* Begin PBXProject section */
		52BDC4111451C6FD001A196D /* Project object */ = {
			isa = PBXProject;
			attributes = {
				LastUpgradeCheck = 0430;
				ORGANIZATIONNAME = "Jefferson Lab";
			};
			buildConfigurationList = 52BDC4141451C6FD001A196D /* Build configuration list for PBXProject "EFADC_java" */;
			compatibilityVersion = "Xcode 3.2";
			developmentRegion = English;
			hasScannedForEncodings = 0;
			knownRegions = (
				en,
			);
			mainGroup = 52BDC40F1451C6FD001A196D;
			projectDirPath = "";
			projectRoot = "";
			targets = (
				52BDC4161451C6FD001A196D /* EFADC_java */,
			);
		};
/* End PBXProject section */

/* Begin XCBuildConfiguration section */
		52BDC4171451C6FD001A196D /* Debug */ = {
			isa = XCBuildConfiguration;
			buildSettings = {
				ALWAYS_SEARCH_USER_PATHS = NO;
				ARCHS = "$(ARCHS_STANDARD_64_BIT)";
				COPY_PHASE_STRIP = NO;
				GCC_C_LANGUAGE_STANDARD = gnu99;
				GCC_DYNAMIC_NO_PIC = NO;
				GCC_ENABLE_OBJC_EXCEPTIONS = YES;
				GCC_OPTIMIZATION_LEVEL = 0;
				GCC_PREPROCESSOR_DEFINITIONS = (
					"DEBUG=1",
					"$(inherited)",
				);
				GCC_SYMBOLS_PRIVATE_EXTERN = NO;
				GCC_VERSION = com.apple.compilers.llvm.clang.1_0;
				GCC_WARN_64_TO_32_BIT_CONVERSION = YES;
				GCC_WARN_ABOUT_MISSING_PROTOTYPES = YES;
				GCC_WARN_ABOUT_RETURN_TYPE = YES;
				GCC_WARN_UNUSED_VARIABLE = YES;
				MACOSX_DEPLOYMENT_TARGET = 10.7;
				ONLY_ACTIVE_ARCH = YES;
				SDKROOT = macosx;
			};
			name = Debug;
		};
		52BDC4181451C6FD001A196D /* Release */ = {
			isa = XCBuildConfiguration;
			buildSettings = {
				ALWAYS_SEARCH_USER_PATHS = NO;
				ARCHS = "$(ARCHS_STANDARD_64_BIT)";
				COPY_PHASE_STRIP = YES;
				DEBUG_INFORMATION_FORMAT = "dwarf-with-dsym";
				GCC_C_LANGUAGE_STANDARD = gnu99;
				GCC_ENABLE_OBJC_EXCEPTIONS = YES;
				GCC_VERSION = com.apple.compilers.llvm.clang.1_0;
				GCC_WARN_64_TO_32_BIT_CONVERSION = YES;
				GCC_WARN_ABOUT_MISSING_PROTOTYPES = YES;
				GCC_WARN_ABOUT_RETURN_TYPE = YES;
				GCC_WARN_UNUSED_VARIABLE = YES;
				MACOSX_DEPLOYMENT_TARGET = 10.7;
				SDKROOT = macosx;
			};
			name = Release;
		};
		52BDC41A1451C6FD001A196D /* Debug */ = {
			isa = XCBuildConfiguration;
			buildSettings = {
				DEBUGGING_SYMBOLS = YES;
				GCC_GENERATE_DEBUGGING_SYMBOLS = YES;
				GCC_OPTIMIZATION_LEVEL = 0;
				OTHER_CFLAGS = "";
				OTHER_LDFLAGS = "";
				PRODUCT_NAME = "$(TARGET_NAME)";
			};
			name = Debug;
		};
		52BDC41B1451C6FD001A196D /* Release */ = {
			isa = XCBuildConfiguration;
			buildSettings = {
				OTHER_CFLAGS = "";
				OTHER_LDFLAGS = "";
				PRODUCT_NAME = "$(TARGET_NAME)";
			};
			name = Release;
		};
/* End XCBuildConfiguration section */

/* Begin XCConfigurationList section */
		52BDC4141451C6FD001A196D /* Build configuration list for PBXProject "EFADC_java" */ = {
			isa = XCConfigurationList;
			buildConfigurations = (
				52BDC4171451C6FD001A196D /* Debug */,
				52BDC4181451C6FD001A196D /* Release */,
			);
			defaultConfigurationIsVisible = 0;
			defaultConfigurationName = Release;
		};
		52BDC4191451C6FD001A196D /* Build configuration list for PBXLegacyTarget "EFADC_java" */ = {
			isa = XCConfigurationList;
			buildConfigurations = (
				52BDC41A1451C6FD001A196D /* Debug */,
				52BDC41B1451C6FD001A196D /* Release */,
			);
			defaultConfigurationIsVisible = 0;
			defaultConfigurationName = Release;
		};
/* End XCConfigurationList section */
	};
	rootObject = 52BDC4111451C6FD001A196D /* Project object */;
}
